
Microsoft Visual Studio Solution File, Format Version 12.00
# Visual Studio Version 17
VisualStudioVersion = 17.9.34902.65
MinimumVisualStudioVersion = 10.0.40219.1
Project("{8BC9CEB8-8B4A-11D0-8D11-00A0C91BC942}") = "books", "books\books.vcxproj", "{D36680A8-8BC3-40CB-9997-004B0F9F6D99}"
EndProject
Global
	GlobalSection(SolutionConfigurationPlatforms) = preSolution
		Debug|x64 = Debug|x64
		Debug|x86 = Debug|x86
		Release|x64 = Release|x64
		Release|x86 = Release|x86
	EndGlobalSection
	GlobalSection(ProjectConfigurationPlatforms) = postSolution
		{D36680A8-8BC3-40CB-9997-004B0F9F6D99}.Debug|x64.ActiveCfg = Debug|x64
		{D36680A8-8BC3-40CB-9997-004B0F9F6D99}.Debug|x64.Build.0 = Debug|x64
		{D36680A8-8BC3-40CB-9997-004B0F9F6D99}.Debug|x86.ActiveCfg = Debug|Win32
		{D36680A8-8BC3-40CB-9997-004B0F9F6D99}.Debug|x86.Build.0 = Debug|Win32
		{D36680A8-8BC3-40CB-9997-004B0F9F6D99}.Release|x64.ActiveCfg = Release|x64
		{D36680A8-8BC3-40CB-9997-004B0F9F6D99}.Release|x64.Build.0 = Release|x64
		{D36680A8-8BC3-40CB-9997-004B0F9F6D99}.Release|x86.ActiveCfg = Release|Win32
		{D36680A8-8BC3-40CB-9997-004B0F9F6D99}.Release|x86.Build.0 = Release|Win32
	EndGlobalSection
	GlobalSection(SolutionProperties) = preSolution
		HideSolutionNode = FALSE
	EndGlobalSection
	GlobalSection(ExtensibilityGlobals) = postSolution
		SolutionGuid = {B6507517-3402-4758-B9EC-5D77EC8BB863}
	EndGlobalSection
EndGlobal
